
Microsoft Visual Studio Solution File, Format Version 12.00
# Visual Studio 2013
VisualStudioVersion = 12.0.21005.1
MinimumVisualStudioVersion = 10.0.40219.1
Project("{FAE04EC0-301F-11D3-BF4B-00C04F79EFBC}") = "LDC_GEN_WF", "LDC_GEN_WF\LDC_GEN_WF.csproj", "{49E40357-2D93-4811-B55B-5D043BC88B66}"
EndProject
Global
	
	GlobalSection(SolutionConfigurationPlatforms) = preSolution
		Debug|Any CPU = Debug|Any CPU
		Release|Any CPU = Release|Any CPU
	EndGlobalSection
	GlobalSection(ProjectConfigurationPlatforms) = postSolution
		{49E40357-2D93-4811-B55B-5D043BC88B66}.Debug|Any CPU.ActiveCfg = Debug|Any CPU
		{49E40357-2D93-4811-B55B-5D043BC88B66}.Debug|Any CPU.Build.0 = Debug|Any CPU
		{49E40357-2D93-4811-B55B-5D043BC88B66}.Release|Any CPU.ActiveCfg = Release|Any CPU
		{49E40357-2D93-4811-B55B-5D043BC88B66}.Release|Any CPU.Build.0 = Release|Any CPU
	EndGlobalSection
	GlobalSection(SolutionProperties) = preSolution
		HideSolutionNode = FALSE
	EndGlobalSection
EndGlobal
